{
  "version": 4,
  "terraform_version": "1.6.1",
  "serial": 9,
  "lineage": "22ce0142-c48d-d053-648d-e34cbac8e1d2",
  "outputs": {},
  "resources": [
    {
      "mode": "managed",
      "type": "google_storage_bucket",
      "name": "bucket",
      "provider": "provider[\"registry.terraform.io/hashicorp/google\"]",
      "instances": [
        {
          "index_key": 0,
          "schema_version": 1,
          "attributes": {
            "autoclass": [],
            "cors": [],
            "custom_placement_config": [],
            "default_event_based_hold": false,
            "effective_labels": {
              "location": "europe-west4",
              "name": "blackhards-test"
            },
            "encryption": [],
            "force_destroy": false,
            "id": "blackhards-test",
            "labels": {
              "location": "europe-west4",
              "name": "blackhards-test"
            },
            "lifecycle_rule": [],
            "location": "EUROPE-WEST4",
            "logging": [],
            "name": "blackhards-test",
            "project": "blackhards",
            "public_access_prevention": "inherited",
            "requester_pays": false,
            "retention_policy": [],
            "self_link": "https://www.googleapis.com/storage/v1/b/blackhards-test",
            "storage_class": "REGIONAL",
            "terraform_labels": {
              "location": "europe-west4",
              "name": "blackhards-test"
            },
            "timeouts": null,
            "uniform_bucket_level_access": false,
            "url": "gs://blackhards-test",
            "versioning": [
              {
                "enabled": true
              }
            ],
            "website": []
          },
          "sensitive_attributes": [],
          "private": "eyJlMmJmYjczMC1lY2FhLTExZTYtOGY4OC0zNDM2M2JjN2M0YzAiOnsiY3JlYXRlIjo2MDAwMDAwMDAwMDAsInJlYWQiOjI0MDAwMDAwMDAwMCwidXBkYXRlIjoyNDAwMDAwMDAwMDB9LCJzY2hlbWFfdmVyc2lvbiI6IjEifQ=="
        }
      ]
    }
  ],
  "check_results": null
}
