{
  "version": 4,
  "terraform_version": "1.6.1",
  "serial": 13,
  "lineage": "c242095f-d3e3-fe3a-26aa-e4108db02654",
  "outputs": {
    "machine_type": {
      "value": [
        "e2-micro"
      ],
      "type": [
        "tuple",
        [
          "string"
        ]
      ]
    },
    "name": {
      "value": [
        "core01"
      ],
      "type": [
        "tuple",
        [
          "string"
        ]
      ]
    },
    "zone": {
      "value": [
        "europe-west2-b"
      ],
      "type": [
        "tuple",
        [
          "string"
        ]
      ]
    }
  },
  "resources": [
    {
      "mode": "managed",
      "type": "google_compute_firewall",
      "name": "allow_http",
      "provider": "provider[\"registry.terraform.io/hashicorp/google\"]",
      "instances": [
        {
          "schema_version": 1,
          "attributes": {
            "allow": [
              {
                "ports": [
                  "80"
                ],
                "protocol": "tcp"
              }
            ],
            "creation_timestamp": "2023-10-11T05:51:06.429-07:00",
            "deny": [],
            "description": "",
            "destination_ranges": [],
            "direction": "INGRESS",
            "disabled": false,
            "enable_logging": null,
            "id": "projects/blackhards/global/firewalls/allow-http",
            "log_config": [],
            "name": "allow-http",
            "network": "https://www.googleapis.com/compute/v1/projects/blackhards/global/networks/default",
            "priority": 1000,
            "project": "blackhards",
            "self_link": "https://www.googleapis.com/compute/v1/projects/blackhards/global/firewalls/allow-http",
            "source_ranges": [],
            "source_service_accounts": [],
            "source_tags": [
              "allow-http"
            ],
            "target_service_accounts": [],
            "target_tags": [
              "allow-http"
            ],
            "timeouts": null
          },
          "sensitive_attributes": [],
          "private": "eyJlMmJmYjczMC1lY2FhLTExZTYtOGY4OC0zNDM2M2JjN2M0YzAiOnsiY3JlYXRlIjoxMjAwMDAwMDAwMDAwLCJkZWxldGUiOjEyMDAwMDAwMDAwMDAsInVwZGF0ZSI6MTIwMDAwMDAwMDAwMH0sInNjaGVtYV92ZXJzaW9uIjoiMSJ9"
        }
      ]
    },
    {
      "mode": "managed",
      "type": "google_compute_firewall",
      "name": "allow_https",
      "provider": "provider[\"registry.terraform.io/hashicorp/google\"]",
      "instances": [
        {
          "schema_version": 1,
          "attributes": {
            "allow": [
              {
                "ports": [
                  "8080"
                ],
                "protocol": "tcp"
              }
            ],
            "creation_timestamp": "2023-10-11T05:51:06.438-07:00",
            "deny": [],
            "description": "",
            "destination_ranges": [],
            "direction": "INGRESS",
            "disabled": false,
            "enable_logging": null,
            "id": "projects/blackhards/global/firewalls/allow-https",
            "log_config": [],
            "name": "allow-https",
            "network": "https://www.googleapis.com/compute/v1/projects/blackhards/global/networks/default",
            "priority": 1000,
            "project": "blackhards",
            "self_link": "https://www.googleapis.com/compute/v1/projects/blackhards/global/firewalls/allow-https",
            "source_ranges": [],
            "source_service_accounts": [],
            "source_tags": [
              "allow-https"
            ],
            "target_service_accounts": [],
            "target_tags": [
              "allow-https"
            ],
            "timeouts": null
          },
          "sensitive_attributes": [],
          "private": "eyJlMmJmYjczMC1lY2FhLTExZTYtOGY4OC0zNDM2M2JjN2M0YzAiOnsiY3JlYXRlIjoxMjAwMDAwMDAwMDAwLCJkZWxldGUiOjEyMDAwMDAwMDAwMDAsInVwZGF0ZSI6MTIwMDAwMDAwMDAwMH0sInNjaGVtYV92ZXJzaW9uIjoiMSJ9"
        }
      ]
    },
    {
      "mode": "managed",
      "type": "google_compute_instance",
      "name": "default",
      "provider": "provider[\"registry.terraform.io/hashicorp/google\"]",
      "instances": [
        {
          "index_key": 0,
          "schema_version": 6,
          "attributes": {
            "advanced_machine_features": [],
            "allow_stopping_for_update": null,
            "attached_disk": [],
            "boot_disk": [
              {
                "auto_delete": true,
                "device_name": "persistent-disk-0",
                "disk_encryption_key_raw": "",
                "disk_encryption_key_sha256": "",
                "initialize_params": [
                  {
                    "image": "https://www.googleapis.com/compute/v1/projects/ubuntu-os-cloud/global/images/ubuntu-2204-jammy-v20230919",
                    "labels": {},
                    "resource_manager_tags": {},
                    "size": 20,
                    "type": "pd-standard"
                  }
                ],
                "kms_key_self_link": "",
                "mode": "READ_WRITE",
                "source": "https://www.googleapis.com/compute/v1/projects/blackhards/zones/europe-west2-b/disks/core01"
              }
            ],
            "can_ip_forward": false,
            "confidential_instance_config": [],
            "cpu_platform": "Intel Broadwell",
            "current_status": "RUNNING",
            "deletion_protection": false,
            "description": "This is our Virtual Machine",
            "desired_status": null,
            "effective_labels": {
              "machine_type": "e2-micro",
              "name": "core01"
            },
            "enable_display": false,
            "guest_accelerator": [],
            "hostname": "",
            "id": "projects/blackhards/zones/europe-west2-b/instances/core01",
            "instance_id": "6555853949370050595",
            "label_fingerprint": "7FvCAtPCUJo=",
            "labels": {
              "machine_type": "e2-micro",
              "name": "core01"
            },
            "machine_type": "e2-micro",
            "metadata": {
              "size": "20"
            },
            "metadata_fingerprint": "yvGKCKRU59Q=",
            "metadata_startup_script": "echo hi \u003e /text.txt",
            "min_cpu_platform": "",
            "name": "core01",
            "network_interface": [
              {
                "access_config": [],
                "alias_ip_range": [],
                "internal_ipv6_prefix_length": 0,
                "ipv6_access_config": [],
                "ipv6_access_type": "",
                "ipv6_address": "",
                "name": "nic0",
                "network": "https://www.googleapis.com/compute/v1/projects/blackhards/global/networks/default",
                "network_ip": "10.154.0.2",
                "nic_type": "",
                "queue_count": 0,
                "stack_type": "IPV4_ONLY",
                "subnetwork": "https://www.googleapis.com/compute/v1/projects/blackhards/regions/europe-west2/subnetworks/default",
                "subnetwork_project": "blackhards"
              }
            ],
            "network_performance_config": [],
            "params": [],
            "project": "blackhards",
            "reservation_affinity": [],
            "resource_policies": [],
            "scheduling": [
              {
                "automatic_restart": true,
                "instance_termination_action": "",
                "local_ssd_recovery_timeout": [],
                "min_node_cpus": 0,
                "node_affinities": [],
                "on_host_maintenance": "MIGRATE",
                "preemptible": false,
                "provisioning_model": "STANDARD"
              }
            ],
            "scratch_disk": [],
            "self_link": "https://www.googleapis.com/compute/v1/projects/blackhards/zones/europe-west2-b/instances/core01",
            "service_account": [
              {
                "email": "188784667618-compute@developer.gserviceaccount.com",
                "scopes": [
                  "https://www.googleapis.com/auth/compute.readonly",
                  "https://www.googleapis.com/auth/devstorage.read_only",
                  "https://www.googleapis.com/auth/userinfo.email"
                ]
              }
            ],
            "shielded_instance_config": [
              {
                "enable_integrity_monitoring": true,
                "enable_secure_boot": false,
                "enable_vtpm": true
              }
            ],
            "tags": [
              "allow-http",
              "allow-https"
            ],
            "tags_fingerprint": "0lKznsNvMu8=",
            "terraform_labels": {
              "machine_type": "e2-micro",
              "name": "core01"
            },
            "timeouts": null,
            "zone": "europe-west2-b"
          },
          "sensitive_attributes": [],
          "private": "eyJlMmJmYjczMC1lY2FhLTExZTYtOGY4OC0zNDM2M2JjN2M0YzAiOnsiY3JlYXRlIjoxMjAwMDAwMDAwMDAwLCJkZWxldGUiOjEyMDAwMDAwMDAwMDAsInVwZGF0ZSI6MTIwMDAwMDAwMDAwMH0sInNjaGVtYV92ZXJzaW9uIjoiNiJ9"
        }
      ]
    },
    {
      "module": "module.bucket",
      "mode": "managed",
      "type": "google_storage_bucket",
      "name": "bucket",
      "provider": "module.bucket.provider[\"registry.terraform.io/hashicorp/google\"]",
      "instances": [
        {
          "index_key": 0,
          "schema_version": 1,
          "attributes": {
            "autoclass": [],
            "cors": [],
            "custom_placement_config": [],
            "default_event_based_hold": false,
            "effective_labels": {
              "location": "europe-west1",
              "name": "blackhards-test"
            },
            "encryption": [],
            "force_destroy": false,
            "id": "blackhards-test",
            "labels": {
              "location": "europe-west1",
              "name": "blackhards-test"
            },
            "lifecycle_rule": [],
            "location": "EUROPE-WEST1",
            "logging": [],
            "name": "blackhards-test",
            "project": "blackhards",
            "public_access_prevention": "inherited",
            "requester_pays": false,
            "retention_policy": [],
            "self_link": "https://www.googleapis.com/storage/v1/b/blackhards-test",
            "storage_class": "COLDLINE",
            "terraform_labels": {
              "location": "europe-west1",
              "name": "blackhards-test"
            },
            "timeouts": null,
            "uniform_bucket_level_access": false,
            "url": "gs://blackhards-test",
            "versioning": [
              {
                "enabled": false
              }
            ],
            "website": []
          },
          "sensitive_attributes": [],
          "private": "eyJlMmJmYjczMC1lY2FhLTExZTYtOGY4OC0zNDM2M2JjN2M0YzAiOnsiY3JlYXRlIjo2MDAwMDAwMDAwMDAsInJlYWQiOjI0MDAwMDAwMDAwMCwidXBkYXRlIjoyNDAwMDAwMDAwMDB9LCJzY2hlbWFfdmVyc2lvbiI6IjEifQ=="
        }
      ]
    },
    {
      "module": "module.database",
      "mode": "managed",
      "type": "google_sql_database_instance",
      "name": "gcp_database",
      "provider": "module.database.provider[\"registry.terraform.io/hashicorp/google\"]",
      "instances": [
        {
          "schema_version": 0,
          "attributes": {
            "available_maintenance_versions": [],
            "clone": [],
            "connection_name": "blackhards:europe-west4:gcpdatabaseudemy",
            "database_version": "MYSQL_5_7",
            "deletion_protection": false,
            "dns_name": "",
            "encryption_key_name": null,
            "first_ip_address": "34.91.249.80",
            "id": "gcpdatabaseudemy",
            "instance_type": "CLOUD_SQL_INSTANCE",
            "ip_address": [
              {
                "ip_address": "34.91.249.80",
                "time_to_retire": "",
                "type": "PRIMARY"
              }
            ],
            "maintenance_version": "MYSQL_5_7_43.R20230909.02_00",
            "master_instance_name": "",
            "name": "gcpdatabaseudemy",
            "private_ip_address": "",
            "project": "blackhards",
            "psc_service_attachment_link": "",
            "public_ip_address": "34.91.249.80",
            "region": "europe-west4",
            "replica_configuration": [],
            "restore_backup_context": [],
            "root_password": null,
            "self_link": "https://sqladmin.googleapis.com/sql/v1beta4/projects/blackhards/instances/gcpdatabaseudemy",
            "server_ca_cert": [
              {
                "cert": "-----BEGIN CERTIFICATE-----\nMIIDfzCCAmegAwIBAgIBADANBgkqhkiG9w0BAQsFADB3MS0wKwYDVQQuEyRjZjQ2\nOTdmNy1jMGIxLTQyZDktOGRhZi0wOTAyYWQ2NGJlYTYxIzAhBgNVBAMTGkdvb2ds\nZSBDbG91ZCBTUUwgU2VydmVyIENBMRQwEgYDVQQKEwtHb29nbGUsIEluYzELMAkG\nA1UEBhMCVVMwHhcNMjMxMDExMTMwNTA2WhcNMzMxMDA4MTMwNjA2WjB3MS0wKwYD\nVQQuEyRjZjQ2OTdmNy1jMGIxLTQyZDktOGRhZi0wOTAyYWQ2NGJlYTYxIzAhBgNV\nBAMTGkdvb2dsZSBDbG91ZCBTUUwgU2VydmVyIENBMRQwEgYDVQQKEwtHb29nbGUs\nIEluYzELMAkGA1UEBhMCVVMwggEiMA0GCSqGSIb3DQEBAQUAA4IBDwAwggEKAoIB\nAQCIE3yGWbDYuxSHlxMgOz3F8nZYe/hC/H0Q5uaGQ6uXajQ/aC9Kfi24f75c2+Yz\nwy41SCUT/wJ2qd1P17/0BLB+obTetzkv/zEBiGVPb+qaTQMpA3HoNF/+6PEy0fVw\nNmnmvCJv1O7SuqVYW0gE0tzGnLrXkU935GlS8s9beZJmD1lVDUSjTxI+PrD9dRUA\nMTwhcsm+J3g1qc7veeQgd2kbWYUXxeZszlYmJOZuwAAMZ5rgj+C4SH/RT7LogIQE\nDPbleDrlhBpEjylRzCKRz5uM0rcGTEPENXqgPGJm+1HlZG0AnMxW4oZpEjC1yvIh\nP7UrHu6C1cxRKIy0tgRnDRoRAgMBAAGjFjAUMBIGA1UdEwEB/wQIMAYBAf8CAQAw\nDQYJKoZIhvcNAQELBQADggEBADjWNlTK75W925trY4pDG1E8HMn5zKuS1S67hafz\n4BVYxvLqGnac7LoJ5CrZIeImzxeCbSeqEX1DlDkYKbTnSVruuWROgl+pdDSgPRDE\nlirhE36RrzowKrCIBx45XlcJfooYduLeaGazcjg8XBPD5dWmr93KSWOD/zKNRmGL\nLODG5xWWgC9WCvKmHwEUOQEE7VzD5m4kd7dMJry7zzpOiQMJ3p/WM2F6WfZXmx4o\nXcasPmeSKgwp2FIJpBT3r3bA2Z/UdwyeqpXxBLeV/c33i+oMH5cJyqKtKcP9xGHf\nh7mDGgpu+yBT87gYE4VVqaByeePTkRTKdaiuCGnQstnrvbI=\n-----END CERTIFICATE-----",
                "common_name": "C=US,O=Google\\, Inc,CN=Google Cloud SQL Server CA,dnQualifier=cf4697f7-c0b1-42d9-8daf-0902ad64bea6",
                "create_time": "2023-10-11T13:05:06.006Z",
                "expiration_time": "2033-10-08T13:06:06.006Z",
                "sha1_fingerprint": "5b32c7bd1240d965be919276f7e4a6cd81a362da"
              }
            ],
            "service_account_email_address": "p188784667618-463r0a@gcp-sa-cloud-sql.iam.gserviceaccount.com",
            "settings": [
              {
                "activation_policy": "ALWAYS",
                "active_directory_config": [],
                "advanced_machine_features": [],
                "availability_type": "ZONAL",
                "backup_configuration": [
                  {
                    "backup_retention_settings": [
                      {
                        "retained_backups": 7,
                        "retention_unit": "COUNT"
                      }
                    ],
                    "binary_log_enabled": false,
                    "enabled": false,
                    "location": "",
                    "point_in_time_recovery_enabled": false,
                    "start_time": "10:00",
                    "transaction_log_retention_days": 7
                  }
                ],
                "collation": "",
                "connector_enforcement": "NOT_REQUIRED",
                "data_cache_config": [],
                "database_flags": [],
                "deletion_protection_enabled": false,
                "deny_maintenance_period": [],
                "disk_autoresize": true,
                "disk_autoresize_limit": 0,
                "disk_size": 15,
                "disk_type": "PD_SSD",
                "edition": "",
                "insights_config": [],
                "ip_configuration": [
                  {
                    "allocated_ip_range": "",
                    "authorized_networks": [],
                    "enable_private_path_for_google_cloud_services": false,
                    "ipv4_enabled": true,
                    "private_network": "",
                    "psc_config": [],
                    "require_ssl": false
                  }
                ],
                "location_preference": [
                  {
                    "follow_gae_application": "",
                    "secondary_zone": "",
                    "zone": "europe-west4-c"
                  }
                ],
                "maintenance_window": [],
                "password_validation_policy": [],
                "pricing_plan": "PER_USE",
                "sql_server_audit_config": [],
                "tier": "db-n1-standard-1",
                "time_zone": "",
                "user_labels": {},
                "version": 1
              }
            ],
            "timeouts": null
          },
          "sensitive_attributes": [],
          "private": "eyJlMmJmYjczMC1lY2FhLTExZTYtOGY4OC0zNDM2M2JjN2M0YzAiOnsiY3JlYXRlIjoyNDAwMDAwMDAwMDAwLCJkZWxldGUiOjE4MDAwMDAwMDAwMDAsInVwZGF0ZSI6MTgwMDAwMDAwMDAwMH19"
        }
      ]
    },
    {
      "module": "module.database",
      "mode": "managed",
      "type": "google_sql_user",
      "name": "DBA",
      "provider": "module.database.provider[\"registry.terraform.io/hashicorp/google\"]",
      "instances": [
        {
          "index_key": 0,
          "schema_version": 1,
          "attributes": {
            "deletion_policy": null,
            "host": "%",
            "id": "admin/%/gcpdatabaseudemy",
            "instance": "gcpdatabaseudemy",
            "name": "admin",
            "password": "123456",
            "password_policy": [],
            "project": "blackhards",
            "sql_server_user_details": [],
            "timeouts": null,
            "type": ""
          },
          "sensitive_attributes": [],
          "private": "eyJlMmJmYjczMC1lY2FhLTExZTYtOGY4OC0zNDM2M2JjN2M0YzAiOnsiY3JlYXRlIjo2MDAwMDAwMDAwMDAsImRlbGV0ZSI6NjAwMDAwMDAwMDAwLCJ1cGRhdGUiOjYwMDAwMDAwMDAwMH0sInNjaGVtYV92ZXJzaW9uIjoiMSJ9",
          "dependencies": [
            "module.database.google_sql_database_instance.gcp_database"
          ]
        }
      ]
    },
    {
      "module": "module.database",
      "mode": "managed",
      "type": "google_sql_user",
      "name": "admin",
      "provider": "module.database.provider[\"registry.terraform.io/hashicorp/google\"]",
      "instances": [
        {
          "index_key": 0,
          "schema_version": 1,
          "attributes": {
            "deletion_policy": null,
            "host": "%",
            "id": "admin/%/gcpdatabaseudemy",
            "instance": "gcpdatabaseudemy",
            "name": "admin",
            "password": "123456",
            "password_policy": [],
            "project": "blackhards",
            "sql_server_user_details": [],
            "timeouts": null,
            "type": ""
          },
          "sensitive_attributes": [],
          "private": "eyJlMmJmYjczMC1lY2FhLTExZTYtOGY4OC0zNDM2M2JjN2M0YzAiOnsiY3JlYXRlIjo2MDAwMDAwMDAwMDAsImRlbGV0ZSI6NjAwMDAwMDAwMDAwLCJ1cGRhdGUiOjYwMDAwMDAwMDAwMH0sInNjaGVtYV92ZXJzaW9uIjoiMSJ9",
          "dependencies": [
            "module.database.google_sql_database_instance.gcp_database"
          ]
        }
      ]
    }
  ],
  "check_results": null
}
