{
  "version": 4,
  "terraform_version": "1.6.1",
  "serial": 5,
  "lineage": "c242095f-d3e3-fe3a-26aa-e4108db02654",
  "outputs": {
    "machine_type": {
      "value": [
        "e2-micro"
      ],
      "type": [
        "tuple",
        [
          "string"
        ]
      ]
    },
    "name": {
      "value": [
        "core01"
      ],
      "type": [
        "tuple",
        [
          "string"
        ]
      ]
    },
    "zone": {
      "value": [
        "europe-west2-b"
      ],
      "type": [
        "tuple",
        [
          "string"
        ]
      ]
    }
  },
  "resources": [
    {
      "mode": "managed",
      "type": "google_compute_instance",
      "name": "default",
      "provider": "provider[\"registry.terraform.io/hashicorp/google\"]",
      "instances": [
        {
          "index_key": 0,
          "schema_version": 6,
          "attributes": {
            "advanced_machine_features": [],
            "allow_stopping_for_update": null,
            "attached_disk": [],
            "boot_disk": [
              {
                "auto_delete": true,
                "device_name": "persistent-disk-0",
                "disk_encryption_key_raw": "",
                "disk_encryption_key_sha256": "",
                "initialize_params": [
                  {
                    "image": "https://www.googleapis.com/compute/v1/projects/ubuntu-os-cloud/global/images/ubuntu-2204-jammy-v20230919",
                    "labels": {},
                    "resource_manager_tags": null,
                    "size": 20,
                    "type": "pd-standard"
                  }
                ],
                "kms_key_self_link": "",
                "mode": "READ_WRITE",
                "source": "https://www.googleapis.com/compute/v1/projects/blackhards/zones/europe-west2-b/disks/core01"
              }
            ],
            "can_ip_forward": false,
            "confidential_instance_config": [],
            "cpu_platform": "Intel Broadwell",
            "current_status": "RUNNING",
            "deletion_protection": false,
            "description": "This is our Virtual Machine",
            "desired_status": null,
            "effective_labels": {
              "machine_type": "e2-micro",
              "name": "core01"
            },
            "enable_display": false,
            "guest_accelerator": [],
            "hostname": "",
            "id": "projects/blackhards/zones/europe-west2-b/instances/core01",
            "instance_id": "6555853949370050595",
            "label_fingerprint": "7FvCAtPCUJo=",
            "labels": {
              "machine_type": "e2-micro",
              "name": "core01"
            },
            "machine_type": "e2-micro",
            "metadata": {
              "size": "20"
            },
            "metadata_fingerprint": "yvGKCKRU59Q=",
            "metadata_startup_script": "echo hi \u003e /text.txt",
            "min_cpu_platform": "",
            "name": "core01",
            "network_interface": [
              {
                "access_config": [],
                "alias_ip_range": [],
                "internal_ipv6_prefix_length": 0,
                "ipv6_access_config": [],
                "ipv6_access_type": "",
                "ipv6_address": "",
                "name": "nic0",
                "network": "https://www.googleapis.com/compute/v1/projects/blackhards/global/networks/default",
                "network_ip": "10.154.0.2",
                "nic_type": "",
                "queue_count": 0,
                "stack_type": "IPV4_ONLY",
                "subnetwork": "https://www.googleapis.com/compute/v1/projects/blackhards/regions/europe-west2/subnetworks/default",
                "subnetwork_project": "blackhards"
              }
            ],
            "network_performance_config": [],
            "params": [],
            "project": "blackhards",
            "reservation_affinity": [],
            "resource_policies": null,
            "scheduling": [
              {
                "automatic_restart": true,
                "instance_termination_action": "",
                "local_ssd_recovery_timeout": [],
                "min_node_cpus": 0,
                "node_affinities": [],
                "on_host_maintenance": "MIGRATE",
                "preemptible": false,
                "provisioning_model": "STANDARD"
              }
            ],
            "scratch_disk": [],
            "self_link": "https://www.googleapis.com/compute/v1/projects/blackhards/zones/europe-west2-b/instances/core01",
            "service_account": [
              {
                "email": "188784667618-compute@developer.gserviceaccount.com",
                "scopes": [
                  "https://www.googleapis.com/auth/compute.readonly",
                  "https://www.googleapis.com/auth/devstorage.read_only",
                  "https://www.googleapis.com/auth/userinfo.email"
                ]
              }
            ],
            "shielded_instance_config": [
              {
                "enable_integrity_monitoring": true,
                "enable_secure_boot": false,
                "enable_vtpm": true
              }
            ],
            "tags": [
              "allow-http",
              "allow-https"
            ],
            "tags_fingerprint": "0lKznsNvMu8=",
            "terraform_labels": {
              "machine_type": "e2-micro",
              "name": "core01"
            },
            "timeouts": null,
            "zone": "europe-west2-b"
          },
          "sensitive_attributes": [],
          "private": "eyJlMmJmYjczMC1lY2FhLTExZTYtOGY4OC0zNDM2M2JjN2M0YzAiOnsiY3JlYXRlIjoxMjAwMDAwMDAwMDAwLCJkZWxldGUiOjEyMDAwMDAwMDAwMDAsInVwZGF0ZSI6MTIwMDAwMDAwMDAwMH0sInNjaGVtYV92ZXJzaW9uIjoiNiJ9"
        }
      ]
    }
  ],
  "check_results": null
}
