{
  "version": 4,
  "terraform_version": "1.6.0",
  "serial": 16,
  "lineage": "f1a87633-89d2-6c2a-f717-f486874625c7",
  "outputs": {},
  "resources": [
    {
      "mode": "managed",
      "type": "google_sql_database_instance",
      "name": "gcp_database",
      "provider": "provider[\"registry.terraform.io/hashicorp/google\"]",
      "instances": [
        {
          "schema_version": 0,
          "attributes": {
            "available_maintenance_versions": [],
            "clone": [],
            "connection_name": "blackhards:europe-west4:gcpdatabaseudemy",
            "database_version": "MYSQL_5_7",
            "deletion_protection": false,
            "dns_name": "",
            "encryption_key_name": null,
            "first_ip_address": "34.34.5.107",
            "id": "gcpdatabaseudemy",
            "instance_type": "CLOUD_SQL_INSTANCE",
            "ip_address": [
              {
                "ip_address": "34.34.5.107",
                "time_to_retire": "",
                "type": "PRIMARY"
              }
            ],
            "maintenance_version": "MYSQL_5_7_43.R20230909.02_00",
            "master_instance_name": "",
            "name": "gcpdatabaseudemy",
            "private_ip_address": "",
            "project": "blackhards",
            "psc_service_attachment_link": "",
            "public_ip_address": "34.34.5.107",
            "region": "europe-west4",
            "replica_configuration": [],
            "restore_backup_context": [],
            "root_password": null,
            "self_link": "https://sqladmin.googleapis.com/sql/v1beta4/projects/blackhards/instances/gcpdatabaseudemy",
            "server_ca_cert": [
              {
                "cert": "-----BEGIN CERTIFICATE-----\nMIIDfzCCAmegAwIBAgIBADANBgkqhkiG9w0BAQsFADB3MS0wKwYDVQQuEyQ5NmJh\nNDhhYi1mNDlmLTQzYmItYmFmYy01N2Q4MWE2YWYyYjUxIzAhBgNVBAMTGkdvb2ds\nZSBDbG91ZCBTUUwgU2VydmVyIENBMRQwEgYDVQQKEwtHb29nbGUsIEluYzELMAkG\nA1UEBhMCVVMwHhcNMjMxMDEwMTIzNDU2WhcNMzMxMDA3MTIzNTU2WjB3MS0wKwYD\nVQQuEyQ5NmJhNDhhYi1mNDlmLTQzYmItYmFmYy01N2Q4MWE2YWYyYjUxIzAhBgNV\nBAMTGkdvb2dsZSBDbG91ZCBTUUwgU2VydmVyIENBMRQwEgYDVQQKEwtHb29nbGUs\nIEluYzELMAkGA1UEBhMCVVMwggEiMA0GCSqGSIb3DQEBAQUAA4IBDwAwggEKAoIB\nAQDMAMKEGfFxkffW50+T8QhDOf1KCfuBcx9DGTwWJD3iY2DIFpsnZ4f+YcfYCVgO\nQACn5qKtgd3B+JzmJMGFc1b3rnREd2rGJ6Nd2rUFrMAZHaG8Aihl9aF7/R8YqkPk\nuROm4+EIk3WdqAHivoiZYevTFkqlAQBAaSMundTDOTN//nJ7+dlYZg3Mrl5UuWCf\nTsMcTv/Xgk1moe++KLQYpxhN6wPrDGk+WgTsq0dpxu/t2gt4WepwrvnNLrEQ2T3/\ntG8jrz3keFf2FAwPs7guTY7AlznqYs8mFfp7AAW2rTJg7Pboe46cSVWcj9nkmqkA\n1zlxC43nl6U4Vi8hkz6mtlVbAgMBAAGjFjAUMBIGA1UdEwEB/wQIMAYBAf8CAQAw\nDQYJKoZIhvcNAQELBQADggEBAJhPirsWjm9i1d6hGdP568nRrQQvVbjgN/v8aZ4C\ngamzmuCAnnxUYX4I13dkZsnrq3nxxeIzjkNo85Qb2liZXnrxK3AVc5MUcb8q04rd\nkRaUgtded2unbCdaESj32kEF60bnEwjCdYxOrMtaxYVQw6AFLgWzYFeESZV/rrZC\nIQgZbOd1i/OrtXBOKizuBn3CedtF+i92C7nfhLAnWr22ESEZKZNFowam+sVo9BLe\nWZQZYuh6EgrdXPaI4PJIZRpBe2PwH3gntPg9IPsC1HEaGWXkcl6jVhbu7/Z9VPXA\nR1l2NFuwxl/0d5AfxKGx2QNwmTG+Cq9FmFRZ21b3Lzk5BE4=\n-----END CERTIFICATE-----",
                "common_name": "C=US,O=Google\\, Inc,CN=Google Cloud SQL Server CA,dnQualifier=96ba48ab-f49f-43bb-bafc-57d81a6af2b5",
                "create_time": "2023-10-10T12:34:56.806Z",
                "expiration_time": "2033-10-07T12:35:56.806Z",
                "sha1_fingerprint": "8d464c168c66c9a7e97db439e79eb085a6d4717e"
              }
            ],
            "service_account_email_address": "p188784667618-61nem8@gcp-sa-cloud-sql.iam.gserviceaccount.com",
            "settings": [
              {
                "activation_policy": "ALWAYS",
                "active_directory_config": [],
                "advanced_machine_features": [],
                "availability_type": "ZONAL",
                "backup_configuration": [
                  {
                    "backup_retention_settings": [
                      {
                        "retained_backups": 7,
                        "retention_unit": "COUNT"
                      }
                    ],
                    "binary_log_enabled": false,
                    "enabled": false,
                    "location": "",
                    "point_in_time_recovery_enabled": false,
                    "start_time": "07:00",
                    "transaction_log_retention_days": 7
                  }
                ],
                "collation": "",
                "connector_enforcement": "NOT_REQUIRED",
                "data_cache_config": [],
                "database_flags": [],
                "deletion_protection_enabled": false,
                "deny_maintenance_period": [],
                "disk_autoresize": true,
                "disk_autoresize_limit": 0,
                "disk_size": 20,
                "disk_type": "PD_SSD",
                "edition": "",
                "insights_config": [],
                "ip_configuration": [
                  {
                    "allocated_ip_range": "",
                    "authorized_networks": [],
                    "enable_private_path_for_google_cloud_services": false,
                    "ipv4_enabled": true,
                    "private_network": "",
                    "psc_config": [],
                    "require_ssl": false
                  }
                ],
                "location_preference": [
                  {
                    "follow_gae_application": "",
                    "secondary_zone": "",
                    "zone": "europe-west4-c"
                  }
                ],
                "maintenance_window": [],
                "password_validation_policy": [],
                "pricing_plan": "PER_USE",
                "sql_server_audit_config": [],
                "tier": "db-f1-micro",
                "time_zone": "",
                "user_labels": {},
                "version": 5
              }
            ],
            "timeouts": null
          },
          "sensitive_attributes": [],
          "private": "eyJlMmJmYjczMC1lY2FhLTExZTYtOGY4OC0zNDM2M2JjN2M0YzAiOnsiY3JlYXRlIjoyNDAwMDAwMDAwMDAwLCJkZWxldGUiOjE4MDAwMDAwMDAwMDAsInVwZGF0ZSI6MTgwMDAwMDAwMDAwMH19"
        }
      ]
    },
    {
      "mode": "managed",
      "type": "google_sql_user",
      "name": "admin",
      "provider": "provider[\"registry.terraform.io/hashicorp/google\"]",
      "instances": [
        {
          "index_key": 0,
          "schema_version": 1,
          "attributes": {
            "deletion_policy": null,
            "host": "%",
            "id": "admin/%/gcpdatabaseudemy",
            "instance": "gcpdatabaseudemy",
            "name": "admin",
            "password": "123456",
            "password_policy": [],
            "project": "blackhards",
            "sql_server_user_details": [],
            "timeouts": null,
            "type": ""
          },
          "sensitive_attributes": [],
          "private": "eyJlMmJmYjczMC1lY2FhLTExZTYtOGY4OC0zNDM2M2JjN2M0YzAiOnsiY3JlYXRlIjo2MDAwMDAwMDAwMDAsImRlbGV0ZSI6NjAwMDAwMDAwMDAwLCJ1cGRhdGUiOjYwMDAwMDAwMDAwMH0sInNjaGVtYV92ZXJzaW9uIjoiMSJ9",
          "dependencies": [
            "google_sql_database_instance.gcp_database"
          ]
        }
      ]
    }
  ],
  "check_results": null
}
